
Microsoft Visual Studio Solution File, Format Version 12.00
# Visual Studio Version 17
VisualStudioVersion = 17.3.32929.385
MinimumVisualStudioVersion = 10.0.40219.1
Project("{FAE04EC0-301F-11D3-BF4B-00C04F79EFBC}") = "TreeList", "TreeList.csproj", "{234C100C-4DA2-4B74-8F6F-0722A4F9092E}"
EndProject
Global
	GlobalSection(SolutionConfigurationPlatforms) = preSolution
		Debug|Any CPU = Debug|Any CPU
		Release|Any CPU = Release|Any CPU
	EndGlobalSection
	GlobalSection(ProjectConfigurationPlatforms) = postSolution
		{234C100C-4DA2-4B74-8F6F-0722A4F9092E}.Debug|Any CPU.ActiveCfg = Debug|Any CPU
		{234C100C-4DA2-4B74-8F6F-0722A4F9092E}.Debug|Any CPU.Build.0 = Debug|Any CPU
		{234C100C-4DA2-4B74-8F6F-0722A4F9092E}.Release|Any CPU.ActiveCfg = Release|Any CPU
		{234C100C-4DA2-4B74-8F6F-0722A4F9092E}.Release|Any CPU.Build.0 = Release|Any CPU
	EndGlobalSection
	GlobalSection(SolutionProperties) = preSolution
		HideSolutionNode = FALSE
	EndGlobalSection
	GlobalSection(ExtensibilityGlobals) = postSolution
		SolutionGuid = {AF349E73-0BF9-43F3-87AD-EF4DB22A6F97}
	EndGlobalSection
EndGlobal
